// !$*UTF8*$!
{
	archiveVersion = 1;
	classes = {
	};
	objectVersion = 46;
	objects = {

/* Begin PBXBuildFile section */
		F71E5B2615FBA95B00BE560F /* arrow.png in Resources */ = {isa = PBXBuildFile; fileRef = F71E5B2415FBA95B00BE560F /* arrow.png */; };
		F71E5B2715FBA95B00BE560F /* arrow@2x.png in Resources */ = {isa = PBXBuildFile; fileRef = F71E5B2515FBA95B00BE560F /* arrow@2x.png */; };
		F71E5B2A15FBAA6100BE560F /* QuartzCore.framework in Frameworks */ = {isa = PBXBuildFile; fileRef = F71E5B2915FBAA6100BE560F /* QuartzCore.framework */; };
		F71E5B8815FBBFAA00BE560F /* OpCustomTypes.m in Sources */ = {isa = PBXBuildFile; fileRef = F71E5B6315FBBFAA00BE560F /* OpCustomTypes.m */; };
		F71E5B8915FBBFAA00BE560F /* OpNestedTableView.m in Sources */ = {isa = PBXBuildFile; fileRef = F71E5B6615FBBFAA00BE560F /* OpNestedTableView.m */; };
		F71E5B8A15FBBFAA00BE560F /* OpTableViewCell.m in Sources */ = {isa = PBXBuildFile; fileRef = F71E5B6815FBBFAA00BE560F /* OpTableViewCell.m */; };
		F71E5B8B15FBBFAA00BE560F /* OpTableViewHeaderCell.m in Sources */ = {isa = PBXBuildFile; fileRef = F71E5B6A15FBBFAA00BE560F /* OpTableViewHeaderCell.m */; };
		F71E5B8C15FBBFAA00BE560F /* OpDataEngine.m in Sources */ = {isa = PBXBuildFile; fileRef = F71E5B6D15FBBFAA00BE560F /* OpDataEngine.m */; };
		F71E5B8D15FBBFAA00BE560F /* OpMatchTableViewCell.m in Sources */ = {isa = PBXBuildFile; fileRef = F71E5B6F15FBBFAA00BE560F /* OpMatchTableViewCell.m */; };
		F71E5B8E15FBBFAA00BE560F /* JSONKit.m in Sources */ = {isa = PBXBuildFile; fileRef = F71E5B7315FBBFAA00BE560F /* JSONKit.m */; settings = {COMPILER_FLAGS = "-fno-objc-arc"; }; };
		F71E5B8F15FBBFAA00BE560F /* NSData+Base64.m in Sources */ = {isa = PBXBuildFile; fileRef = F71E5B7715FBBFAA00BE560F /* NSData+Base64.m */; };
		F71E5B9015FBBFAA00BE560F /* NSDate+RFC1123.m in Sources */ = {isa = PBXBuildFile; fileRef = F71E5B7915FBBFAA00BE560F /* NSDate+RFC1123.m */; };
		F71E5B9115FBBFAA00BE560F /* NSDictionary+RequestEncoding.m in Sources */ = {isa = PBXBuildFile; fileRef = F71E5B7B15FBBFAA00BE560F /* NSDictionary+RequestEncoding.m */; };
		F71E5B9215FBBFAA00BE560F /* NSString+MKNetworkKitAdditions.m in Sources */ = {isa = PBXBuildFile; fileRef = F71E5B7D15FBBFAA00BE560F /* NSString+MKNetworkKitAdditions.m */; };
		F71E5B9315FBBFAA00BE560F /* UIAlertView+MKNetworkKitAdditions.m in Sources */ = {isa = PBXBuildFile; fileRef = F71E5B7F15FBBFAA00BE560F /* UIAlertView+MKNetworkKitAdditions.m */; };
		F71E5B9415FBBFAA00BE560F /* MKNetworkEngine.m in Sources */ = {isa = PBXBuildFile; fileRef = F71E5B8115FBBFAA00BE560F /* MKNetworkEngine.m */; };
		F71E5B9515FBBFAA00BE560F /* MKNetworkOperation.m in Sources */ = {isa = PBXBuildFile; fileRef = F71E5B8415FBBFAA00BE560F /* MKNetworkOperation.m */; };
		F71E5B9615FBBFAA00BE560F /* Reachability.m in Sources */ = {isa = PBXBuildFile; fileRef = F71E5B8715FBBFAA00BE560F /* Reachability.m */; };
		F7873CC515FB35110090A8C6 /* UIKit.framework in Frameworks */ = {isa = PBXBuildFile; fileRef = F7873CC415FB35110090A8C6 /* UIKit.framework */; };
		F7873CC715FB35110090A8C6 /* Foundation.framework in Frameworks */ = {isa = PBXBuildFile; fileRef = F7873CC615FB35110090A8C6 /* Foundation.framework */; };
		F7873CC915FB35110090A8C6 /* CoreGraphics.framework in Frameworks */ = {isa = PBXBuildFile; fileRef = F7873CC815FB35110090A8C6 /* CoreGraphics.framework */; };
		F7873CCF15FB35110090A8C6 /* InfoPlist.strings in Resources */ = {isa = PBXBuildFile; fileRef = F7873CCD15FB35110090A8C6 /* InfoPlist.strings */; };
		F7873CD115FB35110090A8C6 /* main.m in Sources */ = {isa = PBXBuildFile; fileRef = F7873CD015FB35110090A8C6 /* main.m */; };
		F7873CD515FB35110090A8C6 /* OmniPomeloAppDelegate.m in Sources */ = {isa = PBXBuildFile; fileRef = F7873CD415FB35110090A8C6 /* OmniPomeloAppDelegate.m */; };
		F7873CD815FB35110090A8C6 /* OmniPomeloFirstViewController.m in Sources */ = {isa = PBXBuildFile; fileRef = F7873CD715FB35110090A8C6 /* OmniPomeloFirstViewController.m */; };
		F7873CDA15FB35110090A8C6 /* first.png in Resources */ = {isa = PBXBuildFile; fileRef = F7873CD915FB35110090A8C6 /* first.png */; };
		F7873CDC15FB35110090A8C6 /* first@2x.png in Resources */ = {isa = PBXBuildFile; fileRef = F7873CDB15FB35110090A8C6 /* first@2x.png */; };
		F7873CDF15FB35110090A8C6 /* OmniPomeloSecondViewController.m in Sources */ = {isa = PBXBuildFile; fileRef = F7873CDE15FB35110090A8C6 /* OmniPomeloSecondViewController.m */; };
		F7873CE115FB35110090A8C6 /* second.png in Resources */ = {isa = PBXBuildFile; fileRef = F7873CE015FB35110090A8C6 /* second.png */; };
		F7873CE315FB35110090A8C6 /* second@2x.png in Resources */ = {isa = PBXBuildFile; fileRef = F7873CE215FB35110090A8C6 /* second@2x.png */; };
		F7873CE615FB35110090A8C6 /* OmniPomeloFirstViewController.xib in Resources */ = {isa = PBXBuildFile; fileRef = F7873CE415FB35110090A8C6 /* OmniPomeloFirstViewController.xib */; };
		F7873CE915FB35110090A8C6 /* OmniPomeloSecondViewController.xib in Resources */ = {isa = PBXBuildFile; fileRef = F7873CE715FB35110090A8C6 /* OmniPomeloSecondViewController.xib */; };
		F7873D2D15FB988B0090A8C6 /* CFNetwork.framework in Frameworks */ = {isa = PBXBuildFile; fileRef = F7873D2C15FB988B0090A8C6 /* CFNetwork.framework */; };
		F7873D2F15FB990D0090A8C6 /* libz.dylib in Frameworks */ = {isa = PBXBuildFile; fileRef = F7873D2E15FB990D0090A8C6 /* libz.dylib */; };
		F7873D3115FB99120090A8C6 /* libz.1.2.5.dylib in Frameworks */ = {isa = PBXBuildFile; fileRef = F7873D3015FB99120090A8C6 /* libz.1.2.5.dylib */; };
		F7873D3315FB991B0090A8C6 /* SystemConfiguration.framework in Frameworks */ = {isa = PBXBuildFile; fileRef = F7873D3215FB991A0090A8C6 /* SystemConfiguration.framework */; };
		F7873D3515FB99240090A8C6 /* MobileCoreServices.framework in Frameworks */ = {isa = PBXBuildFile; fileRef = F7873D3415FB99240090A8C6 /* MobileCoreServices.framework */; };
		F7873D3715FB9BEA0090A8C6 /* Security.framework in Frameworks */ = {isa = PBXBuildFile; fileRef = F7873D3615FB9BEA0090A8C6 /* Security.framework */; };
/* End PBXBuildFile section */

/* Begin PBXFileReference section */
		F71E5B2415FBA95B00BE560F /* arrow.png */ = {isa = PBXFileReference; lastKnownFileType = image.png; name = arrow.png; path = OpNestedTableview/arrow.png; sourceTree = "<group>"; };
		F71E5B2515FBA95B00BE560F /* arrow@2x.png */ = {isa = PBXFileReference; lastKnownFileType = image.png; name = "arrow@2x.png"; path = "OpNestedTableview/arrow@2x.png"; sourceTree = "<group>"; };
		F71E5B2915FBAA6100BE560F /* QuartzCore.framework */ = {isa = PBXFileReference; lastKnownFileType = wrapper.framework; name = QuartzCore.framework; path = System/Library/Frameworks/QuartzCore.framework; sourceTree = SDKROOT; };
		F71E5B6215FBBFAA00BE560F /* OpCustomTypes.h */ = {isa = PBXFileReference; fileEncoding = 4; lastKnownFileType = sourcecode.c.h; path = OpCustomTypes.h; sourceTree = "<group>"; };
		F71E5B6315FBBFAA00BE560F /* OpCustomTypes.m */ = {isa = PBXFileReference; fileEncoding = 4; lastKnownFileType = sourcecode.c.objc; path = OpCustomTypes.m; sourceTree = "<group>"; };
		F71E5B6515FBBFAA00BE560F /* OpNestedTableView.h */ = {isa = PBXFileReference; fileEncoding = 4; lastKnownFileType = sourcecode.c.h; path = OpNestedTableView.h; sourceTree = "<group>"; };
		F71E5B6615FBBFAA00BE560F /* OpNestedTableView.m */ = {isa = PBXFileReference; fileEncoding = 4; lastKnownFileType = sourcecode.c.objc; path = OpNestedTableView.m; sourceTree = "<group>"; };
		F71E5B6715FBBFAA00BE560F /* OpTableViewCell.h */ = {isa = PBXFileReference; fileEncoding = 4; lastKnownFileType = sourcecode.c.h; path = OpTableViewCell.h; sourceTree = "<group>"; };
		F71E5B6815FBBFAA00BE560F /* OpTableViewCell.m */ = {isa = PBXFileReference; fileEncoding = 4; lastKnownFileType = sourcecode.c.objc; path = OpTableViewCell.m; sourceTree = "<group>"; };
		F71E5B6915FBBFAA00BE560F /* OpTableViewHeaderCell.h */ = {isa = PBXFileReference; fileEncoding = 4; lastKnownFileType = sourcecode.c.h; path = OpTableViewHeaderCell.h; sourceTree = "<group>"; };
		F71E5B6A15FBBFAA00BE560F /* OpTableViewHeaderCell.m */ = {isa = PBXFileReference; fileEncoding = 4; lastKnownFileType = sourcecode.c.objc; path = OpTableViewHeaderCell.m; sourceTree = "<group>"; };
		F71E5B6C15FBBFAA00BE560F /* OpDataEngine.h */ = {isa = PBXFileReference; fileEncoding = 4; lastKnownFileType = sourcecode.c.h; path = OpDataEngine.h; sourceTree = "<group>"; };
		F71E5B6D15FBBFAA00BE560F /* OpDataEngine.m */ = {isa = PBXFileReference; fileEncoding = 4; lastKnownFileType = sourcecode.c.objc; path = OpDataEngine.m; sourceTree = "<group>"; };
		F71E5B6E15FBBFAA00BE560F /* OpMatchTableViewCell.h */ = {isa = PBXFileReference; fileEncoding = 4; lastKnownFileType = sourcecode.c.h; path = OpMatchTableViewCell.h; sourceTree = "<group>"; };
		F71E5B6F15FBBFAA00BE560F /* OpMatchTableViewCell.m */ = {isa = PBXFileReference; fileEncoding = 4; lastKnownFileType = sourcecode.c.objc; path = OpMatchTableViewCell.m; sourceTree = "<group>"; };
		F71E5B7215FBBFAA00BE560F /* JSONKit.h */ = {isa = PBXFileReference; fileEncoding = 4; lastKnownFileType = sourcecode.c.h; path = JSONKit.h; sourceTree = "<group>"; };
		F71E5B7315FBBFAA00BE560F /* JSONKit.m */ = {isa = PBXFileReference; fileEncoding = 4; lastKnownFileType = sourcecode.c.objc; path = JSONKit.m; sourceTree = "<group>"; };
		F71E5B7615FBBFAA00BE560F /* NSData+Base64.h */ = {isa = PBXFileReference; fileEncoding = 4; lastKnownFileType = sourcecode.c.h; path = "NSData+Base64.h"; sourceTree = "<group>"; };
		F71E5B7715FBBFAA00BE560F /* NSData+Base64.m */ = {isa = PBXFileReference; fileEncoding = 4; lastKnownFileType = sourcecode.c.objc; path = "NSData+Base64.m"; sourceTree = "<group>"; };
		F71E5B7815FBBFAA00BE560F /* NSDate+RFC1123.h */ = {isa = PBXFileReference; fileEncoding = 4; lastKnownFileType = sourcecode.c.h; path = "NSDate+RFC1123.h"; sourceTree = "<group>"; };
		F71E5B7915FBBFAA00BE560F /* NSDate+RFC1123.m */ = {isa = PBXFileReference; fileEncoding = 4; lastKnownFileType = sourcecode.c.objc; path = "NSDate+RFC1123.m"; sourceTree = "<group>"; };
		F71E5B7A15FBBFAA00BE560F /* NSDictionary+RequestEncoding.h */ = {isa = PBXFileReference; fileEncoding = 4; lastKnownFileType = sourcecode.c.h; path = "NSDictionary+RequestEncoding.h"; sourceTree = "<group>"; };
		F71E5B7B15FBBFAA00BE560F /* NSDictionary+RequestEncoding.m */ = {isa = PBXFileReference; fileEncoding = 4; lastKnownFileType = sourcecode.c.objc; path = "NSDictionary+RequestEncoding.m"; sourceTree = "<group>"; };
		F71E5B7C15FBBFAA00BE560F /* NSString+MKNetworkKitAdditions.h */ = {isa = PBXFileReference; fileEncoding = 4; lastKnownFileType = sourcecode.c.h; path = "NSString+MKNetworkKitAdditions.h"; sourceTree = "<group>"; };
		F71E5B7D15FBBFAA00BE560F /* NSString+MKNetworkKitAdditions.m */ = {isa = PBXFileReference; fileEncoding = 4; lastKnownFileType = sourcecode.c.objc; path = "NSString+MKNetworkKitAdditions.m"; sourceTree = "<group>"; };
		F71E5B7E15FBBFAA00BE560F /* UIAlertView+MKNetworkKitAdditions.h */ = {isa = PBXFileReference; fileEncoding = 4; lastKnownFileType = sourcecode.c.h; path = "UIAlertView+MKNetworkKitAdditions.h"; sourceTree = "<group>"; };
		F71E5B7F15FBBFAA00BE560F /* UIAlertView+MKNetworkKitAdditions.m */ = {isa = PBXFileReference; fileEncoding = 4; lastKnownFileType = sourcecode.c.objc; path = "UIAlertView+MKNetworkKitAdditions.m"; sourceTree = "<group>"; };
		F71E5B8015FBBFAA00BE560F /* MKNetworkEngine.h */ = {isa = PBXFileReference; fileEncoding = 4; lastKnownFileType = sourcecode.c.h; path = MKNetworkEngine.h; sourceTree = "<group>"; };
		F71E5B8115FBBFAA00BE560F /* MKNetworkEngine.m */ = {isa = PBXFileReference; fileEncoding = 4; lastKnownFileType = sourcecode.c.objc; path = MKNetworkEngine.m; sourceTree = "<group>"; };
		F71E5B8215FBBFAA00BE560F /* MKNetworkKit.h */ = {isa = PBXFileReference; fileEncoding = 4; lastKnownFileType = sourcecode.c.h; path = MKNetworkKit.h; sourceTree = "<group>"; };
		F71E5B8315FBBFAA00BE560F /* MKNetworkOperation.h */ = {isa = PBXFileReference; fileEncoding = 4; lastKnownFileType = sourcecode.c.h; path = MKNetworkOperation.h; sourceTree = "<group>"; };
		F71E5B8415FBBFAA00BE560F /* MKNetworkOperation.m */ = {isa = PBXFileReference; fileEncoding = 4; lastKnownFileType = sourcecode.c.objc; path = MKNetworkOperation.m; sourceTree = "<group>"; };
		F71E5B8615FBBFAA00BE560F /* Reachability.h */ = {isa = PBXFileReference; fileEncoding = 4; lastKnownFileType = sourcecode.c.h; path = Reachability.h; sourceTree = "<group>"; };
		F71E5B8715FBBFAA00BE560F /* Reachability.m */ = {isa = PBXFileReference; fileEncoding = 4; lastKnownFileType = sourcecode.c.objc; path = Reachability.m; sourceTree = "<group>"; };
		F7873CC015FB35110090A8C6 /* OpNestedTableview.app */ = {isa = PBXFileReference; explicitFileType = wrapper.application; includeInIndex = 0; path = OpNestedTableview.app; sourceTree = BUILT_PRODUCTS_DIR; };
		F7873CC415FB35110090A8C6 /* UIKit.framework */ = {isa = PBXFileReference; lastKnownFileType = wrapper.framework; name = UIKit.framework; path = System/Library/Frameworks/UIKit.framework; sourceTree = SDKROOT; };
		F7873CC615FB35110090A8C6 /* Foundation.framework */ = {isa = PBXFileReference; lastKnownFileType = wrapper.framework; name = Foundation.framework; path = System/Library/Frameworks/Foundation.framework; sourceTree = SDKROOT; };
		F7873CC815FB35110090A8C6 /* CoreGraphics.framework */ = {isa = PBXFileReference; lastKnownFileType = wrapper.framework; name = CoreGraphics.framework; path = System/Library/Frameworks/CoreGraphics.framework; sourceTree = SDKROOT; };
		F7873CCC15FB35110090A8C6 /* OpNestedTableview-Info.plist */ = {isa = PBXFileReference; lastKnownFileType = text.plist.xml; path = "OpNestedTableview-Info.plist"; sourceTree = "<group>"; };
		F7873CCE15FB35110090A8C6 /* en */ = {isa = PBXFileReference; lastKnownFileType = text.plist.strings; name = en; path = en.lproj/InfoPlist.strings; sourceTree = "<group>"; };
		F7873CD015FB35110090A8C6 /* main.m */ = {isa = PBXFileReference; lastKnownFileType = sourcecode.c.objc; path = main.m; sourceTree = "<group>"; };
		F7873CD215FB35110090A8C6 /* OpNestedTableview-Prefix.pch */ = {isa = PBXFileReference; lastKnownFileType = sourcecode.c.h; path = "OpNestedTableview-Prefix.pch"; sourceTree = "<group>"; };
		F7873CD315FB35110090A8C6 /* OmniPomeloAppDelegate.h */ = {isa = PBXFileReference; lastKnownFileType = sourcecode.c.h; path = OmniPomeloAppDelegate.h; sourceTree = "<group>"; };
		F7873CD415FB35110090A8C6 /* OmniPomeloAppDelegate.m */ = {isa = PBXFileReference; lastKnownFileType = sourcecode.c.objc; path = OmniPomeloAppDelegate.m; sourceTree = "<group>"; };
		F7873CD615FB35110090A8C6 /* OmniPomeloFirstViewController.h */ = {isa = PBXFileReference; lastKnownFileType = sourcecode.c.h; path = OmniPomeloFirstViewController.h; sourceTree = "<group>"; };
		F7873CD715FB35110090A8C6 /* OmniPomeloFirstViewController.m */ = {isa = PBXFileReference; lastKnownFileType = sourcecode.c.objc; path = OmniPomeloFirstViewController.m; sourceTree = "<group>"; };
		F7873CD915FB35110090A8C6 /* first.png */ = {isa = PBXFileReference; lastKnownFileType = image.png; path = first.png; sourceTree = "<group>"; };
		F7873CDB15FB35110090A8C6 /* first@2x.png */ = {isa = PBXFileReference; lastKnownFileType = image.png; path = "first@2x.png"; sourceTree = "<group>"; };
		F7873CDD15FB35110090A8C6 /* OmniPomeloSecondViewController.h */ = {isa = PBXFileReference; lastKnownFileType = sourcecode.c.h; path = OmniPomeloSecondViewController.h; sourceTree = "<group>"; };
		F7873CDE15FB35110090A8C6 /* OmniPomeloSecondViewController.m */ = {isa = PBXFileReference; lastKnownFileType = sourcecode.c.objc; path = OmniPomeloSecondViewController.m; sourceTree = "<group>"; };
		F7873CE015FB35110090A8C6 /* second.png */ = {isa = PBXFileReference; lastKnownFileType = image.png; path = second.png; sourceTree = "<group>"; };
		F7873CE215FB35110090A8C6 /* second@2x.png */ = {isa = PBXFileReference; lastKnownFileType = image.png; path = "second@2x.png"; sourceTree = "<group>"; };
		F7873CE515FB35110090A8C6 /* en */ = {isa = PBXFileReference; lastKnownFileType = file.xib; name = en; path = en.lproj/OmniPomeloFirstViewController.xib; sourceTree = "<group>"; };
		F7873CE815FB35110090A8C6 /* en */ = {isa = PBXFileReference; lastKnownFileType = file.xib; name = en; path = en.lproj/OmniPomeloSecondViewController.xib; sourceTree = "<group>"; };
		F7873D2C15FB988B0090A8C6 /* CFNetwork.framework */ = {isa = PBXFileReference; lastKnownFileType = wrapper.framework; name = CFNetwork.framework; path = System/Library/Frameworks/CFNetwork.framework; sourceTree = SDKROOT; };
		F7873D2E15FB990D0090A8C6 /* libz.dylib */ = {isa = PBXFileReference; lastKnownFileType = "compiled.mach-o.dylib"; name = libz.dylib; path = usr/lib/libz.dylib; sourceTree = SDKROOT; };
		F7873D3015FB99120090A8C6 /* libz.1.2.5.dylib */ = {isa = PBXFileReference; lastKnownFileType = "compiled.mach-o.dylib"; name = libz.1.2.5.dylib; path = usr/lib/libz.1.2.5.dylib; sourceTree = SDKROOT; };
		F7873D3215FB991A0090A8C6 /* SystemConfiguration.framework */ = {isa = PBXFileReference; lastKnownFileType = wrapper.framework; name = SystemConfiguration.framework; path = System/Library/Frameworks/SystemConfiguration.framework; sourceTree = SDKROOT; };
		F7873D3415FB99240090A8C6 /* MobileCoreServices.framework */ = {isa = PBXFileReference; lastKnownFileType = wrapper.framework; name = MobileCoreServices.framework; path = System/Library/Frameworks/MobileCoreServices.framework; sourceTree = SDKROOT; };
		F7873D3615FB9BEA0090A8C6 /* Security.framework */ = {isa = PBXFileReference; lastKnownFileType = wrapper.framework; name = Security.framework; path = System/Library/Frameworks/Security.framework; sourceTree = SDKROOT; };
/* End PBXFileReference section */

/* Begin PBXFrameworksBuildPhase section */
		F7873CBD15FB35110090A8C6 /* Frameworks */ = {
			isa = PBXFrameworksBuildPhase;
			buildActionMask = 2147483647;
			files = (
				F71E5B2A15FBAA6100BE560F /* QuartzCore.framework in Frameworks */,
				F7873D3715FB9BEA0090A8C6 /* Security.framework in Frameworks */,
				F7873CC915FB35110090A8C6 /* CoreGraphics.framework in Frameworks */,
				F7873D3315FB991B0090A8C6 /* SystemConfiguration.framework in Frameworks */,
				F7873D3515FB99240090A8C6 /* MobileCoreServices.framework in Frameworks */,
				F7873D3115FB99120090A8C6 /* libz.1.2.5.dylib in Frameworks */,
				F7873D2F15FB990D0090A8C6 /* libz.dylib in Frameworks */,
				F7873D2D15FB988B0090A8C6 /* CFNetwork.framework in Frameworks */,
				F7873CC515FB35110090A8C6 /* UIKit.framework in Frameworks */,
				F7873CC715FB35110090A8C6 /* Foundation.framework in Frameworks */,
			);
			runOnlyForDeploymentPostprocessing = 0;
		};
/* End PBXFrameworksBuildPhase section */

/* Begin PBXGroup section */
		F71E5B6115FBBFAA00BE560F /* OpCustomTypes */ = {
			isa = PBXGroup;
			children = (
				F71E5B6215FBBFAA00BE560F /* OpCustomTypes.h */,
				F71E5B6315FBBFAA00BE560F /* OpCustomTypes.m */,
			);
			path = OpCustomTypes;
			sourceTree = "<group>";
		};
		F71E5B6415FBBFAA00BE560F /* OpNestedTableView */ = {
			isa = PBXGroup;
			children = (
				F71E5B6515FBBFAA00BE560F /* OpNestedTableView.h */,
				F71E5B6615FBBFAA00BE560F /* OpNestedTableView.m */,
				F71E5B6715FBBFAA00BE560F /* OpTableViewCell.h */,
				F71E5B6815FBBFAA00BE560F /* OpTableViewCell.m */,
				F71E5B6915FBBFAA00BE560F /* OpTableViewHeaderCell.h */,
				F71E5B6A15FBBFAA00BE560F /* OpTableViewHeaderCell.m */,
			);
			path = OpNestedTableView;
			sourceTree = "<group>";
		};
		F71E5B6B15FBBFAA00BE560F /* OpNestedTableVIewDemoUse */ = {
			isa = PBXGroup;
			children = (
				F71E5B6C15FBBFAA00BE560F /* OpDataEngine.h */,
				F71E5B6D15FBBFAA00BE560F /* OpDataEngine.m */,
				F71E5B6E15FBBFAA00BE560F /* OpMatchTableViewCell.h */,
				F71E5B6F15FBBFAA00BE560F /* OpMatchTableViewCell.m */,
			);
			path = OpNestedTableVIewDemoUse;
			sourceTree = "<group>";
		};
		F71E5B7015FBBFAA00BE560F /* OtherLib */ = {
			isa = PBXGroup;
			children = (
				F71E5B7115FBBFAA00BE560F /* JSONKit */,
				F71E5B7415FBBFAA00BE560F /* MKNetworkKit */,
			);
			path = OtherLib;
			sourceTree = "<group>";
		};
		F71E5B7115FBBFAA00BE560F /* JSONKit */ = {
			isa = PBXGroup;
			children = (
				F71E5B7215FBBFAA00BE560F /* JSONKit.h */,
				F71E5B7315FBBFAA00BE560F /* JSONKit.m */,
			);
			path = JSONKit;
			sourceTree = "<group>";
		};
		F71E5B7415FBBFAA00BE560F /* MKNetworkKit */ = {
			isa = PBXGroup;
			children = (
				F71E5B7515FBBFAA00BE560F /* Categories */,
				F71E5B8015FBBFAA00BE560F /* MKNetworkEngine.h */,
				F71E5B8115FBBFAA00BE560F /* MKNetworkEngine.m */,
				F71E5B8215FBBFAA00BE560F /* MKNetworkKit.h */,
				F71E5B8315FBBFAA00BE560F /* MKNetworkOperation.h */,
				F71E5B8415FBBFAA00BE560F /* MKNetworkOperation.m */,
				F71E5B8515FBBFAA00BE560F /* Reachability */,
			);
			path = MKNetworkKit;
			sourceTree = "<group>";
		};
		F71E5B7515FBBFAA00BE560F /* Categories */ = {
			isa = PBXGroup;
			children = (
				F71E5B7615FBBFAA00BE560F /* NSData+Base64.h */,
				F71E5B7715FBBFAA00BE560F /* NSData+Base64.m */,
				F71E5B7815FBBFAA00BE560F /* NSDate+RFC1123.h */,
				F71E5B7915FBBFAA00BE560F /* NSDate+RFC1123.m */,
				F71E5B7A15FBBFAA00BE560F /* NSDictionary+RequestEncoding.h */,
				F71E5B7B15FBBFAA00BE560F /* NSDictionary+RequestEncoding.m */,
				F71E5B7C15FBBFAA00BE560F /* NSString+MKNetworkKitAdditions.h */,
				F71E5B7D15FBBFAA00BE560F /* NSString+MKNetworkKitAdditions.m */,
				F71E5B7E15FBBFAA00BE560F /* UIAlertView+MKNetworkKitAdditions.h */,
				F71E5B7F15FBBFAA00BE560F /* UIAlertView+MKNetworkKitAdditions.m */,
			);
			path = Categories;
			sourceTree = "<group>";
		};
		F71E5B8515FBBFAA00BE560F /* Reachability */ = {
			isa = PBXGroup;
			children = (
				F71E5B8615FBBFAA00BE560F /* Reachability.h */,
				F71E5B8715FBBFAA00BE560F /* Reachability.m */,
			);
			path = Reachability;
			sourceTree = "<group>";
		};
		F7873CB515FB35110090A8C6 = {
			isa = PBXGroup;
			children = (
				F71E5B2415FBA95B00BE560F /* arrow.png */,
				F71E5B2515FBA95B00BE560F /* arrow@2x.png */,
				F7873CCA15FB35110090A8C6 /* OpNestedTableview */,
				F7873CC315FB35110090A8C6 /* Frameworks */,
				F7873CC115FB35110090A8C6 /* Products */,
			);
			sourceTree = "<group>";
		};
		F7873CC115FB35110090A8C6 /* Products */ = {
			isa = PBXGroup;
			children = (
				F7873CC015FB35110090A8C6 /* OpNestedTableview.app */,
			);
			name = Products;
			sourceTree = "<group>";
		};
		F7873CC315FB35110090A8C6 /* Frameworks */ = {
			isa = PBXGroup;
			children = (
				F71E5B2915FBAA6100BE560F /* QuartzCore.framework */,
				F7873D3615FB9BEA0090A8C6 /* Security.framework */,
				F7873D3415FB99240090A8C6 /* MobileCoreServices.framework */,
				F7873D3215FB991A0090A8C6 /* SystemConfiguration.framework */,
				F7873D3015FB99120090A8C6 /* libz.1.2.5.dylib */,
				F7873D2E15FB990D0090A8C6 /* libz.dylib */,
				F7873D2C15FB988B0090A8C6 /* CFNetwork.framework */,
				F7873CC415FB35110090A8C6 /* UIKit.framework */,
				F7873CC615FB35110090A8C6 /* Foundation.framework */,
				F7873CC815FB35110090A8C6 /* CoreGraphics.framework */,
			);
			name = Frameworks;
			sourceTree = "<group>";
		};
		F7873CCA15FB35110090A8C6 /* OpNestedTableview */ = {
			isa = PBXGroup;
			children = (
				F71E5B6115FBBFAA00BE560F /* OpCustomTypes */,
				F71E5B6415FBBFAA00BE560F /* OpNestedTableView */,
				F71E5B6B15FBBFAA00BE560F /* OpNestedTableVIewDemoUse */,
				F71E5B7015FBBFAA00BE560F /* OtherLib */,
				F7873CD315FB35110090A8C6 /* OmniPomeloAppDelegate.h */,
				F7873CD415FB35110090A8C6 /* OmniPomeloAppDelegate.m */,
				F7873CD615FB35110090A8C6 /* OmniPomeloFirstViewController.h */,
				F7873CD715FB35110090A8C6 /* OmniPomeloFirstViewController.m */,
				F7873CD915FB35110090A8C6 /* first.png */,
				F7873CDB15FB35110090A8C6 /* first@2x.png */,
				F7873CDD15FB35110090A8C6 /* OmniPomeloSecondViewController.h */,
				F7873CDE15FB35110090A8C6 /* OmniPomeloSecondViewController.m */,
				F7873CE015FB35110090A8C6 /* second.png */,
				F7873CE215FB35110090A8C6 /* second@2x.png */,
				F7873CE415FB35110090A8C6 /* OmniPomeloFirstViewController.xib */,
				F7873CE715FB35110090A8C6 /* OmniPomeloSecondViewController.xib */,
				F7873CCB15FB35110090A8C6 /* Supporting Files */,
			);
			path = OpNestedTableview;
			sourceTree = "<group>";
		};
		F7873CCB15FB35110090A8C6 /* Supporting Files */ = {
			isa = PBXGroup;
			children = (
				F7873CCC15FB35110090A8C6 /* OpNestedTableview-Info.plist */,
				F7873CCD15FB35110090A8C6 /* InfoPlist.strings */,
				F7873CD015FB35110090A8C6 /* main.m */,
				F7873CD215FB35110090A8C6 /* OpNestedTableview-Prefix.pch */,
			);
			name = "Supporting Files";
			sourceTree = "<group>";
		};
/* End PBXGroup section */

/* Begin PBXNativeTarget section */
		F7873CBF15FB35110090A8C6 /* OpNestedTableview */ = {
			isa = PBXNativeTarget;
			buildConfigurationList = F7873CEC15FB35110090A8C6 /* Build configuration list for PBXNativeTarget "OpNestedTableview" */;
			buildPhases = (
				F7873CBC15FB35110090A8C6 /* Sources */,
				F7873CBD15FB35110090A8C6 /* Frameworks */,
				F7873CBE15FB35110090A8C6 /* Resources */,
			);
			buildRules = (
			);
			dependencies = (
			);
			name = OpNestedTableview;
			productName = OpNestedTableview;
			productReference = F7873CC015FB35110090A8C6 /* OpNestedTableview.app */;
			productType = "com.apple.product-type.application";
		};
/* End PBXNativeTarget section */

/* Begin PBXProject section */
		F7873CB715FB35110090A8C6 /* Project object */ = {
			isa = PBXProject;
			attributes = {
				CLASSPREFIX = OmniPomelo;
				LastUpgradeCheck = 0440;
				ORGANIZATIONNAME = wuxjim;
			};
			buildConfigurationList = F7873CBA15FB35110090A8C6 /* Build configuration list for PBXProject "OpNestedTableview" */;
			compatibilityVersion = "Xcode 3.2";
			developmentRegion = English;
			hasScannedForEncodings = 0;
			knownRegions = (
				en,
			);
			mainGroup = F7873CB515FB35110090A8C6;
			productRefGroup = F7873CC115FB35110090A8C6 /* Products */;
			projectDirPath = "";
			projectRoot = "";
			targets = (
				F7873CBF15FB35110090A8C6 /* OpNestedTableview */,
			);
		};
/* End PBXProject section */

/* Begin PBXResourcesBuildPhase section */
		F7873CBE15FB35110090A8C6 /* Resources */ = {
			isa = PBXResourcesBuildPhase;
			buildActionMask = 2147483647;
			files = (
				F7873CCF15FB35110090A8C6 /* InfoPlist.strings in Resources */,
				F7873CDA15FB35110090A8C6 /* first.png in Resources */,
				F7873CDC15FB35110090A8C6 /* first@2x.png in Resources */,
				F7873CE115FB35110090A8C6 /* second.png in Resources */,
				F7873CE315FB35110090A8C6 /* second@2x.png in Resources */,
				F7873CE615FB35110090A8C6 /* OmniPomeloFirstViewController.xib in Resources */,
				F7873CE915FB35110090A8C6 /* OmniPomeloSecondViewController.xib in Resources */,
				F71E5B2615FBA95B00BE560F /* arrow.png in Resources */,
				F71E5B2715FBA95B00BE560F /* arrow@2x.png in Resources */,
			);
			runOnlyForDeploymentPostprocessing = 0;
		};
/* End PBXResourcesBuildPhase section */

/* Begin PBXSourcesBuildPhase section */
		F7873CBC15FB35110090A8C6 /* Sources */ = {
			isa = PBXSourcesBuildPhase;
			buildActionMask = 2147483647;
			files = (
				F7873CD115FB35110090A8C6 /* main.m in Sources */,
				F7873CD515FB35110090A8C6 /* OmniPomeloAppDelegate.m in Sources */,
				F7873CD815FB35110090A8C6 /* OmniPomeloFirstViewController.m in Sources */,
				F7873CDF15FB35110090A8C6 /* OmniPomeloSecondViewController.m in Sources */,
				F71E5B8815FBBFAA00BE560F /* OpCustomTypes.m in Sources */,
				F71E5B8915FBBFAA00BE560F /* OpNestedTableView.m in Sources */,
				F71E5B8A15FBBFAA00BE560F /* OpTableViewCell.m in Sources */,
				F71E5B8B15FBBFAA00BE560F /* OpTableViewHeaderCell.m in Sources */,
				F71E5B8C15FBBFAA00BE560F /* OpDataEngine.m in Sources */,
				F71E5B8D15FBBFAA00BE560F /* OpMatchTableViewCell.m in Sources */,
				F71E5B8E15FBBFAA00BE560F /* JSONKit.m in Sources */,
				F71E5B8F15FBBFAA00BE560F /* NSData+Base64.m in Sources */,
				F71E5B9015FBBFAA00BE560F /* NSDate+RFC1123.m in Sources */,
				F71E5B9115FBBFAA00BE560F /* NSDictionary+RequestEncoding.m in Sources */,
				F71E5B9215FBBFAA00BE560F /* NSString+MKNetworkKitAdditions.m in Sources */,
				F71E5B9315FBBFAA00BE560F /* UIAlertView+MKNetworkKitAdditions.m in Sources */,
				F71E5B9415FBBFAA00BE560F /* MKNetworkEngine.m in Sources */,
				F71E5B9515FBBFAA00BE560F /* MKNetworkOperation.m in Sources */,
				F71E5B9615FBBFAA00BE560F /* Reachability.m in Sources */,
			);
			runOnlyForDeploymentPostprocessing = 0;
		};
/* End PBXSourcesBuildPhase section */

/* Begin PBXVariantGroup section */
		F7873CCD15FB35110090A8C6 /* InfoPlist.strings */ = {
			isa = PBXVariantGroup;
			children = (
				F7873CCE15FB35110090A8C6 /* en */,
			);
			name = InfoPlist.strings;
			sourceTree = "<group>";
		};
		F7873CE415FB35110090A8C6 /* OmniPomeloFirstViewController.xib */ = {
			isa = PBXVariantGroup;
			children = (
				F7873CE515FB35110090A8C6 /* en */,
			);
			name = OmniPomeloFirstViewController.xib;
			sourceTree = "<group>";
		};
		F7873CE715FB35110090A8C6 /* OmniPomeloSecondViewController.xib */ = {
			isa = PBXVariantGroup;
			children = (
				F7873CE815FB35110090A8C6 /* en */,
			);
			name = OmniPomeloSecondViewController.xib;
			sourceTree = "<group>";
		};
/* End PBXVariantGroup section */

/* Begin XCBuildConfiguration section */
		F7873CEA15FB35110090A8C6 /* Debug */ = {
			isa = XCBuildConfiguration;
			buildSettings = {
				ALWAYS_SEARCH_USER_PATHS = NO;
				ARCHS = "$(ARCHS_STANDARD_32_BIT)";
				CLANG_CXX_LANGUAGE_STANDARD = "gnu++0x";
				CLANG_ENABLE_OBJC_ARC = YES;
				CLANG_WARN__DUPLICATE_METHOD_MATCH = YES;
				"CODE_SIGN_IDENTITY[sdk=iphoneos*]" = "iPhone Developer";
				COPY_PHASE_STRIP = NO;
				GCC_C_LANGUAGE_STANDARD = gnu99;
				GCC_DYNAMIC_NO_PIC = NO;
				GCC_OPTIMIZATION_LEVEL = 0;
				GCC_PREPROCESSOR_DEFINITIONS = (
					"DEBUG=1",
					"$(inherited)",
				);
				GCC_SYMBOLS_PRIVATE_EXTERN = NO;
				GCC_VERSION = com.apple.compilers.llvm.clang.1_0;
				GCC_WARN_ABOUT_RETURN_TYPE = YES;
				GCC_WARN_UNINITIALIZED_AUTOS = YES;
				GCC_WARN_UNUSED_VARIABLE = YES;
				IPHONEOS_DEPLOYMENT_TARGET = 4.0;
				SDKROOT = iphoneos;
			};
			name = Debug;
		};
		F7873CEB15FB35110090A8C6 /* Release */ = {
			isa = XCBuildConfiguration;
			buildSettings = {
				ALWAYS_SEARCH_USER_PATHS = NO;
				ARCHS = "$(ARCHS_STANDARD_32_BIT)";
				CLANG_CXX_LANGUAGE_STANDARD = "gnu++0x";
				CLANG_ENABLE_OBJC_ARC = YES;
				CLANG_WARN__DUPLICATE_METHOD_MATCH = YES;
				"CODE_SIGN_IDENTITY[sdk=iphoneos*]" = "iPhone Developer";
				COPY_PHASE_STRIP = YES;
				GCC_C_LANGUAGE_STANDARD = gnu99;
				GCC_VERSION = com.apple.compilers.llvm.clang.1_0;
				GCC_WARN_ABOUT_RETURN_TYPE = YES;
				GCC_WARN_UNINITIALIZED_AUTOS = YES;
				GCC_WARN_UNUSED_VARIABLE = YES;
				IPHONEOS_DEPLOYMENT_TARGET = 4.0;
				OTHER_CFLAGS = "-DNS_BLOCK_ASSERTIONS=1";
				SDKROOT = iphoneos;
				VALIDATE_PRODUCT = YES;
			};
			name = Release;
		};
		F7873CED15FB35110090A8C6 /* Debug */ = {
			isa = XCBuildConfiguration;
			buildSettings = {
				GCC_PRECOMPILE_PREFIX_HEADER = YES;
				GCC_PREFIX_HEADER = "OpNestedTableview/OpNestedTableview-Prefix.pch";
				INFOPLIST_FILE = "OpNestedTableview/OpNestedTableview-Info.plist";
				PRODUCT_NAME = "$(TARGET_NAME)";
				WRAPPER_EXTENSION = app;
			};
			name = Debug;
		};
		F7873CEE15FB35110090A8C6 /* Release */ = {
			isa = XCBuildConfiguration;
			buildSettings = {
				GCC_PRECOMPILE_PREFIX_HEADER = YES;
				GCC_PREFIX_HEADER = "OpNestedTableview/OpNestedTableview-Prefix.pch";
				INFOPLIST_FILE = "OpNestedTableview/OpNestedTableview-Info.plist";
				PRODUCT_NAME = "$(TARGET_NAME)";
				WRAPPER_EXTENSION = app;
			};
			name = Release;
		};
/* End XCBuildConfiguration section */

/* Begin XCConfigurationList section */
		F7873CBA15FB35110090A8C6 /* Build configuration list for PBXProject "OpNestedTableview" */ = {
			isa = XCConfigurationList;
			buildConfigurations = (
				F7873CEA15FB35110090A8C6 /* Debug */,
				F7873CEB15FB35110090A8C6 /* Release */,
			);
			defaultConfigurationIsVisible = 0;
			defaultConfigurationName = Release;
		};
		F7873CEC15FB35110090A8C6 /* Build configuration list for PBXNativeTarget "OpNestedTableview" */ = {
			isa = XCConfigurationList;
			buildConfigurations = (
				F7873CED15FB35110090A8C6 /* Debug */,
				F7873CEE15FB35110090A8C6 /* Release */,
			);
			defaultConfigurationIsVisible = 0;
			defaultConfigurationName = Release;
		};
/* End XCConfigurationList section */
	};
	rootObject = F7873CB715FB35110090A8C6 /* Project object */;
}
